
Microsoft Visual Studio Solution File, Format Version 12.00
# Visual Studio 15
VisualStudioVersion = 15.0.27428.2015
MinimumVisualStudioVersion = 10.0.40219.1
Project("{FAE04EC0-301F-11D3-BF4B-00C04F79EFBC}") = "FaceSentiment.GenericStructure.FormType", "FaceSentiment.GenericStructure.FormType\FaceSentiment.GenericStructure.FormType.csproj", "{DB8B38A2-3AEA-46C8-91E0-0731C8BD2C31}"
EndProject
Global
	GlobalSection(SolutionConfigurationPlatforms) = preSolution
		Debug|Any CPU = Debug|Any CPU
		Release|Any CPU = Release|Any CPU
	EndGlobalSection
	GlobalSection(ProjectConfigurationPlatforms) = postSolution
		{DB8B38A2-3AEA-46C8-91E0-0731C8BD2C31}.Debug|Any CPU.ActiveCfg = Debug|Any CPU
		{DB8B38A2-3AEA-46C8-91E0-0731C8BD2C31}.Debug|Any CPU.Build.0 = Debug|Any CPU
		{DB8B38A2-3AEA-46C8-91E0-0731C8BD2C31}.Release|Any CPU.ActiveCfg = Release|Any CPU
		{DB8B38A2-3AEA-46C8-91E0-0731C8BD2C31}.Release|Any CPU.Build.0 = Release|Any CPU
	EndGlobalSection
	GlobalSection(SolutionProperties) = preSolution
		HideSolutionNode = FALSE
	EndGlobalSection
	GlobalSection(ExtensibilityGlobals) = postSolution
		SolutionGuid = {DC169E48-6620-413A-91D2-F7E0AE08AE1F}
	EndGlobalSection
EndGlobal
